{
  "pins" : [
    {
      "identity" : "openssl-apple",
      "kind" : "remoteSourceControl",
      "location" : "https://github.com/lake-of-fire/openssl-apple.git",
      "state" : {
        "branch" : "main",
        "revision" : "d5abe4124f62f118aa305e3cb07c0d370fe49191"
      }
    }
  ],
  "version" : 2
}
